
Microsoft Visual Studio Solution File, Format Version 12.00
Project("{FAE04EC0-301F-11D3-BF4B-00C04F79EFBC}") = "HayratYardimLink", "HayratYardimLink\HayratYardimLink.csproj", "{FEB6C69C-501C-4E74-9508-1AD34E75C5AF}"
EndProject
Global
	GlobalSection(SolutionConfigurationPlatforms) = preSolution
		Debug|Any CPU = Debug|Any CPU
		Release|Any CPU = Release|Any CPU
	EndGlobalSection
	GlobalSection(ProjectConfigurationPlatforms) = postSolution
		{FEB6C69C-501C-4E74-9508-1AD34E75C5AF}.Debug|Any CPU.ActiveCfg = Debug|Any CPU
		{FEB6C69C-501C-4E74-9508-1AD34E75C5AF}.Debug|Any CPU.Build.0 = Debug|Any CPU
		{FEB6C69C-501C-4E74-9508-1AD34E75C5AF}.Release|Any CPU.ActiveCfg = Release|Any CPU
		{FEB6C69C-501C-4E74-9508-1AD34E75C5AF}.Release|Any CPU.Build.0 = Release|Any CPU
	EndGlobalSection
EndGlobal
